
Microsoft Visual Studio Solution File, Format Version 12.00
# Visual Studio 15
VisualStudioVersion = 15.0.28307.1082
MinimumVisualStudioVersion = 10.0.40219.1
Project("{888888A0-9F3D-457C-B088-3A5042F75D52}") = "recommender_system_challenge", "recommender_system_challenge\recommender_system_challenge.pyproj", "{788E7A44-55F2-47F0-980F-DC50C5E4C148}"
EndProject
Global
	GlobalSection(SolutionConfigurationPlatforms) = preSolution
		Debug|Any CPU = Debug|Any CPU
		Release|Any CPU = Release|Any CPU
	EndGlobalSection
	GlobalSection(ProjectConfigurationPlatforms) = postSolution
		{788E7A44-55F2-47F0-980F-DC50C5E4C148}.Debug|Any CPU.ActiveCfg = Debug|Any CPU
		{788E7A44-55F2-47F0-980F-DC50C5E4C148}.Release|Any CPU.ActiveCfg = Release|Any CPU
	EndGlobalSection
	GlobalSection(SolutionProperties) = preSolution
		HideSolutionNode = FALSE
	EndGlobalSection
	GlobalSection(ExtensibilityGlobals) = postSolution
		SolutionGuid = {56972114-2FC4-4FF0-86F9-65775C826018}
	EndGlobalSection
EndGlobal
